
Microsoft Visual Studio Solution File, Format Version 12.00
# Visual Studio Version 16
VisualStudioVersion = 16.0.30225.117
MinimumVisualStudioVersion = 10.0.40219.1
Project("{9A19103F-16F7-4668-BE54-9A1E7A4F7556}") = "AnalyticsDataReader", "AnalyticsDataReader\AnalyticsDataReader.csproj", "{294B79CF-2C00-49D8-86EC-371C01A99625}"
EndProject
Project("{9A19103F-16F7-4668-BE54-9A1E7A4F7556}") = "AnalyticsDataReader.Domain", "AnalyticsDataReader.Domain\AnalyticsDataReader.Domain.csproj", "{8664588C-7306-45AF-B37A-C8A18C4972F6}"
EndProject
Project("{9A19103F-16F7-4668-BE54-9A1E7A4F7556}") = "AnalyticsDataReader.DAL", "AnalyticsDataReader.DAL\AnalyticsDataReader.DAL.csproj", "{1F7A79BA-DD9A-4609-86F6-81AB09A3151B}"
EndProject
Project("{2150E333-8FDC-42A3-9474-1A3956D46DE8}") = "Tests", "Tests", "{2FCB25F4-1365-400C-A121-BD2FFF65E39E}"
EndProject
Project("{FAE04EC0-301F-11D3-BF4B-00C04F79EFBC}") = "AnalyticsDataReaderUnitTests", "AnalyticsDataReaderUnitTests\AnalyticsDataReaderUnitTests.csproj", "{60BAB3CF-640C-4977-894D-A348365168E4}"
EndProject
Global
	GlobalSection(SolutionConfigurationPlatforms) = preSolution
		Debug|Any CPU = Debug|Any CPU
		Release|Any CPU = Release|Any CPU
	EndGlobalSection
	GlobalSection(ProjectConfigurationPlatforms) = postSolution
		{294B79CF-2C00-49D8-86EC-371C01A99625}.Debug|Any CPU.ActiveCfg = Debug|Any CPU
		{294B79CF-2C00-49D8-86EC-371C01A99625}.Debug|Any CPU.Build.0 = Debug|Any CPU
		{294B79CF-2C00-49D8-86EC-371C01A99625}.Release|Any CPU.ActiveCfg = Release|Any CPU
		{294B79CF-2C00-49D8-86EC-371C01A99625}.Release|Any CPU.Build.0 = Release|Any CPU
		{8664588C-7306-45AF-B37A-C8A18C4972F6}.Debug|Any CPU.ActiveCfg = Debug|Any CPU
		{8664588C-7306-45AF-B37A-C8A18C4972F6}.Debug|Any CPU.Build.0 = Debug|Any CPU
		{8664588C-7306-45AF-B37A-C8A18C4972F6}.Release|Any CPU.ActiveCfg = Release|Any CPU
		{8664588C-7306-45AF-B37A-C8A18C4972F6}.Release|Any CPU.Build.0 = Release|Any CPU
		{1F7A79BA-DD9A-4609-86F6-81AB09A3151B}.Debug|Any CPU.ActiveCfg = Debug|Any CPU
		{1F7A79BA-DD9A-4609-86F6-81AB09A3151B}.Debug|Any CPU.Build.0 = Debug|Any CPU
		{1F7A79BA-DD9A-4609-86F6-81AB09A3151B}.Release|Any CPU.ActiveCfg = Release|Any CPU
		{1F7A79BA-DD9A-4609-86F6-81AB09A3151B}.Release|Any CPU.Build.0 = Release|Any CPU
		{60BAB3CF-640C-4977-894D-A348365168E4}.Debug|Any CPU.ActiveCfg = Debug|Any CPU
		{60BAB3CF-640C-4977-894D-A348365168E4}.Debug|Any CPU.Build.0 = Debug|Any CPU
		{60BAB3CF-640C-4977-894D-A348365168E4}.Release|Any CPU.ActiveCfg = Release|Any CPU
		{60BAB3CF-640C-4977-894D-A348365168E4}.Release|Any CPU.Build.0 = Release|Any CPU
	EndGlobalSection
	GlobalSection(SolutionProperties) = preSolution
		HideSolutionNode = FALSE
	EndGlobalSection
	GlobalSection(NestedProjects) = preSolution
		{60BAB3CF-640C-4977-894D-A348365168E4} = {2FCB25F4-1365-400C-A121-BD2FFF65E39E}
	EndGlobalSection
	GlobalSection(ExtensibilityGlobals) = postSolution
		SolutionGuid = {D0B000BB-88B9-4322-98F9-260D94551E61}
	EndGlobalSection
EndGlobal
