
Microsoft Visual Studio Solution File, Format Version 12.00
# Visual Studio Version 16
VisualStudioVersion = 16.0.30225.117
MinimumVisualStudioVersion = 10.0.40219.1
Project("{FAE04EC0-301F-11D3-BF4B-00C04F79EFBC}") = "AnalyticsDataReader", "AnalyticsDataReader\AnalyticsDataReader.csproj", "{294B79CF-2C00-49D8-86EC-371C01A99625}"
EndProject
Project("{FAE04EC0-301F-11D3-BF4B-00C04F79EFBC}") = "AnalyticsDataReader.Domain", "AnalyticsDataReader.Domain\AnalyticsDataReader.Domain.csproj", "{8664588C-7306-45AF-B37A-C8A18C4972F6}"
EndProject
Project("{FAE04EC0-301F-11D3-BF4B-00C04F79EFBC}") = "AnalyticsDataReader.DAL", "AnalyticsDataReader.DAL\AnalyticsDataReader.DAL.csproj", "{1F7A79BA-DD9A-4609-86F6-81AB09A3151B}"
EndProject
Global
	GlobalSection(SolutionConfigurationPlatforms) = preSolution
		Debug|Any CPU = Debug|Any CPU
		Release|Any CPU = Release|Any CPU
	EndGlobalSection
	GlobalSection(ProjectConfigurationPlatforms) = postSolution
		{294B79CF-2C00-49D8-86EC-371C01A99625}.Debug|Any CPU.ActiveCfg = Debug|Any CPU
		{294B79CF-2C00-49D8-86EC-371C01A99625}.Debug|Any CPU.Build.0 = Debug|Any CPU
		{294B79CF-2C00-49D8-86EC-371C01A99625}.Release|Any CPU.ActiveCfg = Release|Any CPU
		{294B79CF-2C00-49D8-86EC-371C01A99625}.Release|Any CPU.Build.0 = Release|Any CPU
		{8664588C-7306-45AF-B37A-C8A18C4972F6}.Debug|Any CPU.ActiveCfg = Debug|Any CPU
		{8664588C-7306-45AF-B37A-C8A18C4972F6}.Debug|Any CPU.Build.0 = Debug|Any CPU
		{8664588C-7306-45AF-B37A-C8A18C4972F6}.Release|Any CPU.ActiveCfg = Release|Any CPU
		{8664588C-7306-45AF-B37A-C8A18C4972F6}.Release|Any CPU.Build.0 = Release|Any CPU
		{1F7A79BA-DD9A-4609-86F6-81AB09A3151B}.Debug|Any CPU.ActiveCfg = Debug|Any CPU
		{1F7A79BA-DD9A-4609-86F6-81AB09A3151B}.Debug|Any CPU.Build.0 = Debug|Any CPU
		{1F7A79BA-DD9A-4609-86F6-81AB09A3151B}.Release|Any CPU.ActiveCfg = Release|Any CPU
		{1F7A79BA-DD9A-4609-86F6-81AB09A3151B}.Release|Any CPU.Build.0 = Release|Any CPU
	EndGlobalSection
	GlobalSection(SolutionProperties) = preSolution
		HideSolutionNode = FALSE
	EndGlobalSection
	GlobalSection(ExtensibilityGlobals) = postSolution
		SolutionGuid = {D0B000BB-88B9-4322-98F9-260D94551E61}
	EndGlobalSection
EndGlobal
